// !$*UTF8*$!
{
	archiveVersion = 1;
	classes = {
	};
	objectVersion = 56;
	objects = {

/* Begin PBXBuildFile section */
		042AFDD029FA0FF2003C134E /* Api.swift in Sources */ = {isa = PBXBuildFile; fileRef = 042AFDCF29FA0FF2003C134E /* Api.swift */; };
		042AFDE929FA33D8003C134E /* TestingPage.swift in Sources */ = {isa = PBXBuildFile; fileRef = 042AFDE829FA33D8003C134E /* TestingPage.swift */; };
		043DDB5E29F75A1900B90A95 /* DartAppApp.swift in Sources */ = {isa = PBXBuildFile; fileRef = 043DDB5D29F75A1900B90A95 /* DartAppApp.swift */; };
		043DDB6029F75A1900B90A95 /* ContentView.swift in Sources */ = {isa = PBXBuildFile; fileRef = 043DDB5F29F75A1900B90A95 /* ContentView.swift */; };
		043DDB6229F75A1B00B90A95 /* Assets.xcassets in Resources */ = {isa = PBXBuildFile; fileRef = 043DDB6129F75A1B00B90A95 /* Assets.xcassets */; };
		043DDB6529F75A1B00B90A95 /* Preview Assets.xcassets in Resources */ = {isa = PBXBuildFile; fileRef = 043DDB6429F75A1B00B90A95 /* Preview Assets.xcassets */; };
		043DDB6F29F75A1B00B90A95 /* DartAppTests.swift in Sources */ = {isa = PBXBuildFile; fileRef = 043DDB6E29F75A1B00B90A95 /* DartAppTests.swift */; };
		043DDB7929F75A1B00B90A95 /* DartAppUITests.swift in Sources */ = {isa = PBXBuildFile; fileRef = 043DDB7829F75A1B00B90A95 /* DartAppUITests.swift */; };
		043DDB7B29F75A1B00B90A95 /* DartAppUITestsLaunchTests.swift in Sources */ = {isa = PBXBuildFile; fileRef = 043DDB7A29F75A1B00B90A95 /* DartAppUITestsLaunchTests.swift */; };
		043DDB8929F75ADB00B90A95 /* Home.swift in Sources */ = {isa = PBXBuildFile; fileRef = 043DDB8829F75ADB00B90A95 /* Home.swift */; };
		043DDB8B29F75AE700B90A95 /* Profile.swift in Sources */ = {isa = PBXBuildFile; fileRef = 043DDB8A29F75AE700B90A95 /* Profile.swift */; };
		043DDB8D29F75AF700B90A95 /* Schedule.swift in Sources */ = {isa = PBXBuildFile; fileRef = 043DDB8C29F75AF700B90A95 /* Schedule.swift */; };
		043DDB8F29F75B0300B90A95 /* SignIn.swift in Sources */ = {isa = PBXBuildFile; fileRef = 043DDB8E29F75B0300B90A95 /* SignIn.swift */; };
		043DDB9129F75DEF00B90A95 /* AddToSchedule.swift in Sources */ = {isa = PBXBuildFile; fileRef = 043DDB9029F75DEF00B90A95 /* AddToSchedule.swift */; };
		04E5268C29FB52B000C2F90D /* ReturnedData.swift in Sources */ = {isa = PBXBuildFile; fileRef = 04E5268B29FB52B000C2F90D /* ReturnedData.swift */; };
		906132ED29F7624C00AA476E /* Trip.swift in Sources */ = {isa = PBXBuildFile; fileRef = 906132EC29F7624C00AA476E /* Trip.swift */; };
		9062E93B29FCB0DF00EAA192 /* FirebaseAnalytics in Frameworks */ = {isa = PBXBuildFile; productRef = 9062E93A29FCB0DF00EAA192 /* FirebaseAnalytics */; };
		9062E93D29FCB0DF00EAA192 /* FirebaseAnalyticsOnDeviceConversion in Frameworks */ = {isa = PBXBuildFile; productRef = 9062E93C29FCB0DF00EAA192 /* FirebaseAnalyticsOnDeviceConversion */; };
		9062E93F29FCB0DF00EAA192 /* FirebaseAnalyticsSwift in Frameworks */ = {isa = PBXBuildFile; productRef = 9062E93E29FCB0DF00EAA192 /* FirebaseAnalyticsSwift */; };
		9062E94129FCB0DF00EAA192 /* FirebaseAnalyticsWithoutAdIdSupport in Frameworks */ = {isa = PBXBuildFile; productRef = 9062E94029FCB0DF00EAA192 /* FirebaseAnalyticsWithoutAdIdSupport */; };
		9062E94329FCB0DF00EAA192 /* FirebaseAppCheck in Frameworks */ = {isa = PBXBuildFile; productRef = 9062E94229FCB0DF00EAA192 /* FirebaseAppCheck */; };
		9062E94529FCB0DF00EAA192 /* FirebaseAppDistribution-Beta in Frameworks */ = {isa = PBXBuildFile; productRef = 9062E94429FCB0DF00EAA192 /* FirebaseAppDistribution-Beta */; };
		9062E94729FCB0DF00EAA192 /* FirebaseAuth in Frameworks */ = {isa = PBXBuildFile; productRef = 9062E94629FCB0DF00EAA192 /* FirebaseAuth */; };
		9062E94929FCB0DF00EAA192 /* FirebaseAuthCombine-Community in Frameworks */ = {isa = PBXBuildFile; productRef = 9062E94829FCB0DF00EAA192 /* FirebaseAuthCombine-Community */; };
		9062E94B29FCB0DF00EAA192 /* FirebaseCrashlytics in Frameworks */ = {isa = PBXBuildFile; productRef = 9062E94A29FCB0DF00EAA192 /* FirebaseCrashlytics */; };
		9062E94D29FCB0DF00EAA192 /* FirebaseDatabase in Frameworks */ = {isa = PBXBuildFile; productRef = 9062E94C29FCB0DF00EAA192 /* FirebaseDatabase */; };
		9062E94F29FCB0DF00EAA192 /* FirebaseDatabaseSwift in Frameworks */ = {isa = PBXBuildFile; productRef = 9062E94E29FCB0DF00EAA192 /* FirebaseDatabaseSwift */; };
		9062E95129FCB0DF00EAA192 /* FirebaseDynamicLinks in Frameworks */ = {isa = PBXBuildFile; productRef = 9062E95029FCB0DF00EAA192 /* FirebaseDynamicLinks */; };
		9062E95329FCB0DF00EAA192 /* FirebaseFirestore in Frameworks */ = {isa = PBXBuildFile; productRef = 9062E95229FCB0DF00EAA192 /* FirebaseFirestore */; };
		9062E95529FCB0DF00EAA192 /* FirebaseFirestoreCombine-Community in Frameworks */ = {isa = PBXBuildFile; productRef = 9062E95429FCB0DF00EAA192 /* FirebaseFirestoreCombine-Community */; };
		9062E95729FCB0DF00EAA192 /* FirebaseFirestoreSwift in Frameworks */ = {isa = PBXBuildFile; productRef = 9062E95629FCB0DF00EAA192 /* FirebaseFirestoreSwift */; };
		9062E95929FCB0DF00EAA192 /* FirebaseFunctions in Frameworks */ = {isa = PBXBuildFile; productRef = 9062E95829FCB0DF00EAA192 /* FirebaseFunctions */; };
		9062E95B29FCB0DF00EAA192 /* FirebaseFunctionsCombine-Community in Frameworks */ = {isa = PBXBuildFile; productRef = 9062E95A29FCB0DF00EAA192 /* FirebaseFunctionsCombine-Community */; };
		9062E95D29FCB0DF00EAA192 /* FirebaseInAppMessaging-Beta in Frameworks */ = {isa = PBXBuildFile; productRef = 9062E95C29FCB0DF00EAA192 /* FirebaseInAppMessaging-Beta */; };
		9062E95F29FCB0DF00EAA192 /* FirebaseInAppMessagingSwift-Beta in Frameworks */ = {isa = PBXBuildFile; productRef = 9062E95E29FCB0DF00EAA192 /* FirebaseInAppMessagingSwift-Beta */; };
		9062E96129FCB0DF00EAA192 /* FirebaseInstallations in Frameworks */ = {isa = PBXBuildFile; productRef = 9062E96029FCB0DF00EAA192 /* FirebaseInstallations */; };
		9062E96329FCB0DF00EAA192 /* FirebaseMLModelDownloader in Frameworks */ = {isa = PBXBuildFile; productRef = 9062E96229FCB0DF00EAA192 /* FirebaseMLModelDownloader */; };
		9062E96529FCB0DF00EAA192 /* FirebaseMessaging in Frameworks */ = {isa = PBXBuildFile; productRef = 9062E96429FCB0DF00EAA192 /* FirebaseMessaging */; };
		9062E96729FCB0E000EAA192 /* FirebasePerformance in Frameworks */ = {isa = PBXBuildFile; productRef = 9062E96629FCB0E000EAA192 /* FirebasePerformance */; };
		9062E96929FCB0E000EAA192 /* FirebaseRemoteConfig in Frameworks */ = {isa = PBXBuildFile; productRef = 9062E96829FCB0E000EAA192 /* FirebaseRemoteConfig */; };
		9062E96B29FCB0E000EAA192 /* FirebaseRemoteConfigSwift in Frameworks */ = {isa = PBXBuildFile; productRef = 9062E96A29FCB0E000EAA192 /* FirebaseRemoteConfigSwift */; };
		9062E96D29FCB0E000EAA192 /* FirebaseStorage in Frameworks */ = {isa = PBXBuildFile; productRef = 9062E96C29FCB0E000EAA192 /* FirebaseStorage */; };
		9062E96F29FCB0E000EAA192 /* FirebaseStorageCombine-Community in Frameworks */ = {isa = PBXBuildFile; productRef = 9062E96E29FCB0E000EAA192 /* FirebaseStorageCombine-Community */; };
		9062E98129FCBF1800EAA192 /* GoogleService-Info.plist in Resources */ = {isa = PBXBuildFile; fileRef = 9062E98029FCBF1800EAA192 /* GoogleService-Info.plist */; };
		9062E98229FCBF2B00EAA192 /* GoogleService-Info.plist in Resources */ = {isa = PBXBuildFile; fileRef = 9062E98029FCBF1800EAA192 /* GoogleService-Info.plist */; };
		9062E98329FCBF2B00EAA192 /* GoogleService-Info.plist in Resources */ = {isa = PBXBuildFile; fileRef = 9062E98029FCBF1800EAA192 /* GoogleService-Info.plist */; };
		973EC1E529F7955300C185BA /* Result.swift in Sources */ = {isa = PBXBuildFile; fileRef = 973EC1E429F7955300C185BA /* Result.swift */; };
/* End PBXBuildFile section */

/* Begin PBXContainerItemProxy section */
		043DDB6B29F75A1B00B90A95 /* PBXContainerItemProxy */ = {
			isa = PBXContainerItemProxy;
			containerPortal = 043DDB5229F75A1900B90A95 /* Project object */;
			proxyType = 1;
			remoteGlobalIDString = 043DDB5929F75A1900B90A95;
			remoteInfo = DartApp;
		};
		043DDB7529F75A1B00B90A95 /* PBXContainerItemProxy */ = {
			isa = PBXContainerItemProxy;
			containerPortal = 043DDB5229F75A1900B90A95 /* Project object */;
			proxyType = 1;
			remoteGlobalIDString = 043DDB5929F75A1900B90A95;
			remoteInfo = DartApp;
		};
/* End PBXContainerItemProxy section */

/* Begin PBXFileReference section */
		042AFDCF29FA0FF2003C134E /* Api.swift */ = {isa = PBXFileReference; lastKnownFileType = sourcecode.swift; path = Api.swift; sourceTree = "<group>"; };
		042AFDE829FA33D8003C134E /* TestingPage.swift */ = {isa = PBXFileReference; lastKnownFileType = sourcecode.swift; path = TestingPage.swift; sourceTree = "<group>"; };
		043DDB5A29F75A1900B90A95 /* DartApp.app */ = {isa = PBXFileReference; explicitFileType = wrapper.application; includeInIndex = 0; path = DartApp.app; sourceTree = BUILT_PRODUCTS_DIR; };
		043DDB5D29F75A1900B90A95 /* DartAppApp.swift */ = {isa = PBXFileReference; lastKnownFileType = sourcecode.swift; path = DartAppApp.swift; sourceTree = "<group>"; };
		043DDB5F29F75A1900B90A95 /* ContentView.swift */ = {isa = PBXFileReference; lastKnownFileType = sourcecode.swift; path = ContentView.swift; sourceTree = "<group>"; };
		043DDB6129F75A1B00B90A95 /* Assets.xcassets */ = {isa = PBXFileReference; lastKnownFileType = folder.assetcatalog; path = Assets.xcassets; sourceTree = "<group>"; };
		043DDB6429F75A1B00B90A95 /* Preview Assets.xcassets */ = {isa = PBXFileReference; lastKnownFileType = folder.assetcatalog; path = "Preview Assets.xcassets"; sourceTree = "<group>"; };
		043DDB6A29F75A1B00B90A95 /* DartAppTests.xctest */ = {isa = PBXFileReference; explicitFileType = wrapper.cfbundle; includeInIndex = 0; path = DartAppTests.xctest; sourceTree = BUILT_PRODUCTS_DIR; };
		043DDB6E29F75A1B00B90A95 /* DartAppTests.swift */ = {isa = PBXFileReference; lastKnownFileType = sourcecode.swift; path = DartAppTests.swift; sourceTree = "<group>"; };
		043DDB7429F75A1B00B90A95 /* DartAppUITests.xctest */ = {isa = PBXFileReference; explicitFileType = wrapper.cfbundle; includeInIndex = 0; path = DartAppUITests.xctest; sourceTree = BUILT_PRODUCTS_DIR; };
		043DDB7829F75A1B00B90A95 /* DartAppUITests.swift */ = {isa = PBXFileReference; lastKnownFileType = sourcecode.swift; path = DartAppUITests.swift; sourceTree = "<group>"; };
		043DDB7A29F75A1B00B90A95 /* DartAppUITestsLaunchTests.swift */ = {isa = PBXFileReference; lastKnownFileType = sourcecode.swift; path = DartAppUITestsLaunchTests.swift; sourceTree = "<group>"; };
		043DDB8829F75ADB00B90A95 /* Home.swift */ = {isa = PBXFileReference; lastKnownFileType = sourcecode.swift; path = Home.swift; sourceTree = "<group>"; };
		043DDB8A29F75AE700B90A95 /* Profile.swift */ = {isa = PBXFileReference; lastKnownFileType = sourcecode.swift; path = Profile.swift; sourceTree = "<group>"; };
		043DDB8C29F75AF700B90A95 /* Schedule.swift */ = {isa = PBXFileReference; lastKnownFileType = sourcecode.swift; path = Schedule.swift; sourceTree = "<group>"; };
		043DDB8E29F75B0300B90A95 /* SignIn.swift */ = {isa = PBXFileReference; lastKnownFileType = sourcecode.swift; path = SignIn.swift; sourceTree = "<group>"; };
		043DDB9029F75DEF00B90A95 /* AddToSchedule.swift */ = {isa = PBXFileReference; lastKnownFileType = sourcecode.swift; path = AddToSchedule.swift; sourceTree = "<group>"; };
		04E5268B29FB52B000C2F90D /* ReturnedData.swift */ = {isa = PBXFileReference; lastKnownFileType = sourcecode.swift; path = ReturnedData.swift; sourceTree = "<group>"; };
		906132EC29F7624C00AA476E /* Trip.swift */ = {isa = PBXFileReference; lastKnownFileType = sourcecode.swift; path = Trip.swift; sourceTree = "<group>"; };
		9062E98029FCBF1800EAA192 /* GoogleService-Info.plist */ = {isa = PBXFileReference; fileEncoding = 4; lastKnownFileType = text.plist.xml; name = "GoogleService-Info.plist"; path = "../../../../Desktop/GoogleService-Info.plist"; sourceTree = "<group>"; };
		973EC1E429F7955300C185BA /* Result.swift */ = {isa = PBXFileReference; lastKnownFileType = sourcecode.swift; path = Result.swift; sourceTree = "<group>"; };
/* End PBXFileReference section */

/* Begin PBXFrameworksBuildPhase section */
		043DDB5729F75A1900B90A95 /* Frameworks */ = {
			isa = PBXFrameworksBuildPhase;
			buildActionMask = 2147483647;
			files = (
				9062E94D29FCB0DF00EAA192 /* FirebaseDatabase in Frameworks */,
				9062E95B29FCB0DF00EAA192 /* FirebaseFunctionsCombine-Community in Frameworks */,
				9062E95329FCB0DF00EAA192 /* FirebaseFirestore in Frameworks */,
				9062E93F29FCB0DF00EAA192 /* FirebaseAnalyticsSwift in Frameworks */,
				9062E93B29FCB0DF00EAA192 /* FirebaseAnalytics in Frameworks */,
				9062E93D29FCB0DF00EAA192 /* FirebaseAnalyticsOnDeviceConversion in Frameworks */,
				9062E96329FCB0DF00EAA192 /* FirebaseMLModelDownloader in Frameworks */,
				9062E95729FCB0DF00EAA192 /* FirebaseFirestoreSwift in Frameworks */,
				9062E94329FCB0DF00EAA192 /* FirebaseAppCheck in Frameworks */,
				9062E94129FCB0DF00EAA192 /* FirebaseAnalyticsWithoutAdIdSupport in Frameworks */,
				9062E94729FCB0DF00EAA192 /* FirebaseAuth in Frameworks */,
				9062E94B29FCB0DF00EAA192 /* FirebaseCrashlytics in Frameworks */,
				9062E96B29FCB0E000EAA192 /* FirebaseRemoteConfigSwift in Frameworks */,
				9062E95D29FCB0DF00EAA192 /* FirebaseInAppMessaging-Beta in Frameworks */,
				9062E94F29FCB0DF00EAA192 /* FirebaseDatabaseSwift in Frameworks */,
				9062E95929FCB0DF00EAA192 /* FirebaseFunctions in Frameworks */,
				9062E96F29FCB0E000EAA192 /* FirebaseStorageCombine-Community in Frameworks */,
				9062E96929FCB0E000EAA192 /* FirebaseRemoteConfig in Frameworks */,
				9062E94529FCB0DF00EAA192 /* FirebaseAppDistribution-Beta in Frameworks */,
				9062E94929FCB0DF00EAA192 /* FirebaseAuthCombine-Community in Frameworks */,
				9062E96729FCB0E000EAA192 /* FirebasePerformance in Frameworks */,
				9062E95F29FCB0DF00EAA192 /* FirebaseInAppMessagingSwift-Beta in Frameworks */,
				9062E96D29FCB0E000EAA192 /* FirebaseStorage in Frameworks */,
				9062E95129FCB0DF00EAA192 /* FirebaseDynamicLinks in Frameworks */,
				9062E95529FCB0DF00EAA192 /* FirebaseFirestoreCombine-Community in Frameworks */,
				9062E96529FCB0DF00EAA192 /* FirebaseMessaging in Frameworks */,
				9062E96129FCB0DF00EAA192 /* FirebaseInstallations in Frameworks */,
			);
			runOnlyForDeploymentPostprocessing = 0;
		};
		043DDB6729F75A1B00B90A95 /* Frameworks */ = {
			isa = PBXFrameworksBuildPhase;
			buildActionMask = 2147483647;
			files = (
			);
			runOnlyForDeploymentPostprocessing = 0;
		};
		043DDB7129F75A1B00B90A95 /* Frameworks */ = {
			isa = PBXFrameworksBuildPhase;
			buildActionMask = 2147483647;
			files = (
			);
			runOnlyForDeploymentPostprocessing = 0;
		};
/* End PBXFrameworksBuildPhase section */

/* Begin PBXGroup section */
		042AFDCE29FA0FDA003C134E /* Api */ = {
			isa = PBXGroup;
			children = (
				042AFDCF29FA0FF2003C134E /* Api.swift */,
				04E5268B29FB52B000C2F90D /* ReturnedData.swift */,
			);
			path = Api;
			sourceTree = "<group>";
		};
		043DDB5129F75A1900B90A95 = {
			isa = PBXGroup;
			children = (
				043DDB5C29F75A1900B90A95 /* DartApp */,
				043DDB6D29F75A1B00B90A95 /* DartAppTests */,
				043DDB7729F75A1B00B90A95 /* DartAppUITests */,
				043DDB5B29F75A1900B90A95 /* Products */,
			);
			sourceTree = "<group>";
		};
		043DDB5B29F75A1900B90A95 /* Products */ = {
			isa = PBXGroup;
			children = (
				043DDB5A29F75A1900B90A95 /* DartApp.app */,
				043DDB6A29F75A1B00B90A95 /* DartAppTests.xctest */,
				043DDB7429F75A1B00B90A95 /* DartAppUITests.xctest */,
			);
			name = Products;
			sourceTree = "<group>";
		};
		043DDB5C29F75A1900B90A95 /* DartApp */ = {
			isa = PBXGroup;
			children = (
				9062E98029FCBF1800EAA192 /* GoogleService-Info.plist */,
				042AFDCE29FA0FDA003C134E /* Api */,
				906132EB29F7623700AA476E /* Classes */,
				043DDB8729F75AC700B90A95 /* Pages */,
				043DDB5D29F75A1900B90A95 /* DartAppApp.swift */,
				043DDB5F29F75A1900B90A95 /* ContentView.swift */,
				043DDB6129F75A1B00B90A95 /* Assets.xcassets */,
				043DDB6329F75A1B00B90A95 /* Preview Content */,
			);
			path = DartApp;
			sourceTree = "<group>";
		};
		043DDB6329F75A1B00B90A95 /* Preview Content */ = {
			isa = PBXGroup;
			children = (
				043DDB6429F75A1B00B90A95 /* Preview Assets.xcassets */,
			);
			path = "Preview Content";
			sourceTree = "<group>";
		};
		043DDB6D29F75A1B00B90A95 /* DartAppTests */ = {
			isa = PBXGroup;
			children = (
				043DDB6E29F75A1B00B90A95 /* DartAppTests.swift */,
			);
			path = DartAppTests;
			sourceTree = "<group>";
		};
		043DDB7729F75A1B00B90A95 /* DartAppUITests */ = {
			isa = PBXGroup;
			children = (
				043DDB7829F75A1B00B90A95 /* DartAppUITests.swift */,
				043DDB7A29F75A1B00B90A95 /* DartAppUITestsLaunchTests.swift */,
			);
			path = DartAppUITests;
			sourceTree = "<group>";
		};
		043DDB8729F75AC700B90A95 /* Pages */ = {
			isa = PBXGroup;
			children = (
				043DDB8829F75ADB00B90A95 /* Home.swift */,
				043DDB8A29F75AE700B90A95 /* Profile.swift */,
				043DDB8C29F75AF700B90A95 /* Schedule.swift */,
				043DDB8E29F75B0300B90A95 /* SignIn.swift */,
				043DDB9029F75DEF00B90A95 /* AddToSchedule.swift */,
				973EC1E429F7955300C185BA /* Result.swift */,
				042AFDE829FA33D8003C134E /* TestingPage.swift */,
			);
			path = Pages;
			sourceTree = "<group>";
		};
		906132EB29F7623700AA476E /* Classes */ = {
			isa = PBXGroup;
			children = (
				906132EC29F7624C00AA476E /* Trip.swift */,
			);
			path = Classes;
			sourceTree = "<group>";
		};
/* End PBXGroup section */

/* Begin PBXNativeTarget section */
		043DDB5929F75A1900B90A95 /* DartApp */ = {
			isa = PBXNativeTarget;
			buildConfigurationList = 043DDB7E29F75A1B00B90A95 /* Build configuration list for PBXNativeTarget "DartApp" */;
			buildPhases = (
				043DDB5629F75A1900B90A95 /* Sources */,
				043DDB5729F75A1900B90A95 /* Frameworks */,
				043DDB5829F75A1900B90A95 /* Resources */,
			);
			buildRules = (
			);
			dependencies = (
			);
			name = DartApp;
			packageProductDependencies = (
				9062E93A29FCB0DF00EAA192 /* FirebaseAnalytics */,
				9062E93C29FCB0DF00EAA192 /* FirebaseAnalyticsOnDeviceConversion */,
				9062E93E29FCB0DF00EAA192 /* FirebaseAnalyticsSwift */,
				9062E94029FCB0DF00EAA192 /* FirebaseAnalyticsWithoutAdIdSupport */,
				9062E94229FCB0DF00EAA192 /* FirebaseAppCheck */,
				9062E94429FCB0DF00EAA192 /* FirebaseAppDistribution-Beta */,
				9062E94629FCB0DF00EAA192 /* FirebaseAuth */,
				9062E94829FCB0DF00EAA192 /* FirebaseAuthCombine-Community */,
				9062E94A29FCB0DF00EAA192 /* FirebaseCrashlytics */,
				9062E94C29FCB0DF00EAA192 /* FirebaseDatabase */,
				9062E94E29FCB0DF00EAA192 /* FirebaseDatabaseSwift */,
				9062E95029FCB0DF00EAA192 /* FirebaseDynamicLinks */,
				9062E95229FCB0DF00EAA192 /* FirebaseFirestore */,
				9062E95429FCB0DF00EAA192 /* FirebaseFirestoreCombine-Community */,
				9062E95629FCB0DF00EAA192 /* FirebaseFirestoreSwift */,
				9062E95829FCB0DF00EAA192 /* FirebaseFunctions */,
				9062E95A29FCB0DF00EAA192 /* FirebaseFunctionsCombine-Community */,
				9062E95C29FCB0DF00EAA192 /* FirebaseInAppMessaging-Beta */,
				9062E95E29FCB0DF00EAA192 /* FirebaseInAppMessagingSwift-Beta */,
				9062E96029FCB0DF00EAA192 /* FirebaseInstallations */,
				9062E96229FCB0DF00EAA192 /* FirebaseMLModelDownloader */,
				9062E96429FCB0DF00EAA192 /* FirebaseMessaging */,
				9062E96629FCB0E000EAA192 /* FirebasePerformance */,
				9062E96829FCB0E000EAA192 /* FirebaseRemoteConfig */,
				9062E96A29FCB0E000EAA192 /* FirebaseRemoteConfigSwift */,
				9062E96C29FCB0E000EAA192 /* FirebaseStorage */,
				9062E96E29FCB0E000EAA192 /* FirebaseStorageCombine-Community */,
			);
			productName = DartApp;
			productReference = 043DDB5A29F75A1900B90A95 /* DartApp.app */;
			productType = "com.apple.product-type.application";
		};
		043DDB6929F75A1B00B90A95 /* DartAppTests */ = {
			isa = PBXNativeTarget;
			buildConfigurationList = 043DDB8129F75A1B00B90A95 /* Build configuration list for PBXNativeTarget "DartAppTests" */;
			buildPhases = (
				043DDB6629F75A1B00B90A95 /* Sources */,
				043DDB6729F75A1B00B90A95 /* Frameworks */,
				043DDB6829F75A1B00B90A95 /* Resources */,
			);
			buildRules = (
			);
			dependencies = (
				043DDB6C29F75A1B00B90A95 /* PBXTargetDependency */,
			);
			name = DartAppTests;
			productName = DartAppTests;
			productReference = 043DDB6A29F75A1B00B90A95 /* DartAppTests.xctest */;
			productType = "com.apple.product-type.bundle.unit-test";
		};
		043DDB7329F75A1B00B90A95 /* DartAppUITests */ = {
			isa = PBXNativeTarget;
			buildConfigurationList = 043DDB8429F75A1B00B90A95 /* Build configuration list for PBXNativeTarget "DartAppUITests" */;
			buildPhases = (
				043DDB7029F75A1B00B90A95 /* Sources */,
				043DDB7129F75A1B00B90A95 /* Frameworks */,
				043DDB7229F75A1B00B90A95 /* Resources */,
			);
			buildRules = (
			);
			dependencies = (
				043DDB7629F75A1B00B90A95 /* PBXTargetDependency */,
			);
			name = DartAppUITests;
			productName = DartAppUITests;
			productReference = 043DDB7429F75A1B00B90A95 /* DartAppUITests.xctest */;
			productType = "com.apple.product-type.bundle.ui-testing";
		};
/* End PBXNativeTarget section */

/* Begin PBXProject section */
		043DDB5229F75A1900B90A95 /* Project object */ = {
			isa = PBXProject;
			attributes = {
				BuildIndependentTargetsInParallel = 1;
				LastSwiftUpdateCheck = 1430;
				LastUpgradeCheck = 1430;
				TargetAttributes = {
					043DDB5929F75A1900B90A95 = {
						CreatedOnToolsVersion = 14.3;
					};
					043DDB6929F75A1B00B90A95 = {
						CreatedOnToolsVersion = 14.3;
						TestTargetID = 043DDB5929F75A1900B90A95;
					};
					043DDB7329F75A1B00B90A95 = {
						CreatedOnToolsVersion = 14.3;
						TestTargetID = 043DDB5929F75A1900B90A95;
					};
				};
			};
			buildConfigurationList = 043DDB5529F75A1900B90A95 /* Build configuration list for PBXProject "DartApp" */;
			compatibilityVersion = "Xcode 14.0";
			developmentRegion = en;
			hasScannedForEncodings = 0;
			knownRegions = (
				en,
				Base,
			);
			mainGroup = 043DDB5129F75A1900B90A95;
			packageReferences = (
				9062E93929FCB0DF00EAA192 /* XCRemoteSwiftPackageReference "firebase-ios-sdk" */,
			);
			productRefGroup = 043DDB5B29F75A1900B90A95 /* Products */;
			projectDirPath = "";
			projectRoot = "";
			targets = (
				043DDB5929F75A1900B90A95 /* DartApp */,
				043DDB6929F75A1B00B90A95 /* DartAppTests */,
				043DDB7329F75A1B00B90A95 /* DartAppUITests */,
			);
		};
/* End PBXProject section */

/* Begin PBXResourcesBuildPhase section */
		043DDB5829F75A1900B90A95 /* Resources */ = {
			isa = PBXResourcesBuildPhase;
			buildActionMask = 2147483647;
			files = (
				043DDB6529F75A1B00B90A95 /* Preview Assets.xcassets in Resources */,
				043DDB6229F75A1B00B90A95 /* Assets.xcassets in Resources */,
				9062E98129FCBF1800EAA192 /* GoogleService-Info.plist in Resources */,
			);
			runOnlyForDeploymentPostprocessing = 0;
		};
		043DDB6829F75A1B00B90A95 /* Resources */ = {
			isa = PBXResourcesBuildPhase;
			buildActionMask = 2147483647;
			files = (
				9062E98229FCBF2B00EAA192 /* GoogleService-Info.plist in Resources */,
			);
			runOnlyForDeploymentPostprocessing = 0;
		};
		043DDB7229F75A1B00B90A95 /* Resources */ = {
			isa = PBXResourcesBuildPhase;
			buildActionMask = 2147483647;
			files = (
				9062E98329FCBF2B00EAA192 /* GoogleService-Info.plist in Resources */,
			);
			runOnlyForDeploymentPostprocessing = 0;
		};
/* End PBXResourcesBuildPhase section */

/* Begin PBXSourcesBuildPhase section */
		043DDB5629F75A1900B90A95 /* Sources */ = {
			isa = PBXSourcesBuildPhase;
			buildActionMask = 2147483647;
			files = (
				973EC1E529F7955300C185BA /* Result.swift in Sources */,
				043DDB6029F75A1900B90A95 /* ContentView.swift in Sources */,
				043DDB9129F75DEF00B90A95 /* AddToSchedule.swift in Sources */,
				04E5268C29FB52B000C2F90D /* ReturnedData.swift in Sources */,
				043DDB8F29F75B0300B90A95 /* SignIn.swift in Sources */,
				042AFDE929FA33D8003C134E /* TestingPage.swift in Sources */,
				043DDB8B29F75AE700B90A95 /* Profile.swift in Sources */,
				906132ED29F7624C00AA476E /* Trip.swift in Sources */,
				043DDB8929F75ADB00B90A95 /* Home.swift in Sources */,
				043DDB8D29F75AF700B90A95 /* Schedule.swift in Sources */,
				042AFDD029FA0FF2003C134E /* Api.swift in Sources */,
				043DDB5E29F75A1900B90A95 /* DartAppApp.swift in Sources */,
			);
			runOnlyForDeploymentPostprocessing = 0;
		};
		043DDB6629F75A1B00B90A95 /* Sources */ = {
			isa = PBXSourcesBuildPhase;
			buildActionMask = 2147483647;
			files = (
				043DDB6F29F75A1B00B90A95 /* DartAppTests.swift in Sources */,
			);
			runOnlyForDeploymentPostprocessing = 0;
		};
		043DDB7029F75A1B00B90A95 /* Sources */ = {
			isa = PBXSourcesBuildPhase;
			buildActionMask = 2147483647;
			files = (
				043DDB7929F75A1B00B90A95 /* DartAppUITests.swift in Sources */,
				043DDB7B29F75A1B00B90A95 /* DartAppUITestsLaunchTests.swift in Sources */,
			);
			runOnlyForDeploymentPostprocessing = 0;
		};
/* End PBXSourcesBuildPhase section */

/* Begin PBXTargetDependency section */
		043DDB6C29F75A1B00B90A95 /* PBXTargetDependency */ = {
			isa = PBXTargetDependency;
			target = 043DDB5929F75A1900B90A95 /* DartApp */;
			targetProxy = 043DDB6B29F75A1B00B90A95 /* PBXContainerItemProxy */;
		};
		043DDB7629F75A1B00B90A95 /* PBXTargetDependency */ = {
			isa = PBXTargetDependency;
			target = 043DDB5929F75A1900B90A95 /* DartApp */;
			targetProxy = 043DDB7529F75A1B00B90A95 /* PBXContainerItemProxy */;
		};
/* End PBXTargetDependency section */

/* Begin XCBuildConfiguration section */
		043DDB7C29F75A1B00B90A95 /* Debug */ = {
			isa = XCBuildConfiguration;
			buildSettings = {
				ALWAYS_SEARCH_USER_PATHS = NO;
				CLANG_ANALYZER_NONNULL = YES;
				CLANG_ANALYZER_NUMBER_OBJECT_CONVERSION = YES_AGGRESSIVE;
				CLANG_CXX_LANGUAGE_STANDARD = "gnu++20";
				CLANG_ENABLE_MODULES = YES;
				CLANG_ENABLE_OBJC_ARC = YES;
				CLANG_ENABLE_OBJC_WEAK = YES;
				CLANG_WARN_BLOCK_CAPTURE_AUTORELEASING = YES;
				CLANG_WARN_BOOL_CONVERSION = YES;
				CLANG_WARN_COMMA = YES;
				CLANG_WARN_CONSTANT_CONVERSION = YES;
				CLANG_WARN_DEPRECATED_OBJC_IMPLEMENTATIONS = YES;
				CLANG_WARN_DIRECT_OBJC_ISA_USAGE = YES_ERROR;
				CLANG_WARN_DOCUMENTATION_COMMENTS = YES;
				CLANG_WARN_EMPTY_BODY = YES;
				CLANG_WARN_ENUM_CONVERSION = YES;
				CLANG_WARN_INFINITE_RECURSION = YES;
				CLANG_WARN_INT_CONVERSION = YES;
				CLANG_WARN_NON_LITERAL_NULL_CONVERSION = YES;
				CLANG_WARN_OBJC_IMPLICIT_RETAIN_SELF = YES;
				CLANG_WARN_OBJC_LITERAL_CONVERSION = YES;
				CLANG_WARN_OBJC_ROOT_CLASS = YES_ERROR;
				CLANG_WARN_QUOTED_INCLUDE_IN_FRAMEWORK_HEADER = YES;
				CLANG_WARN_RANGE_LOOP_ANALYSIS = YES;
				CLANG_WARN_STRICT_PROTOTYPES = YES;
				CLANG_WARN_SUSPICIOUS_MOVE = YES;
				CLANG_WARN_UNGUARDED_AVAILABILITY = YES_AGGRESSIVE;
				CLANG_WARN_UNREACHABLE_CODE = YES;
				CLANG_WARN__DUPLICATE_METHOD_MATCH = YES;
				COPY_PHASE_STRIP = NO;
				DEBUG_INFORMATION_FORMAT = dwarf;
				ENABLE_STRICT_OBJC_MSGSEND = YES;
				ENABLE_TESTABILITY = YES;
				GCC_C_LANGUAGE_STANDARD = gnu11;
				GCC_DYNAMIC_NO_PIC = NO;
				GCC_NO_COMMON_BLOCKS = YES;
				GCC_OPTIMIZATION_LEVEL = 0;
				GCC_PREPROCESSOR_DEFINITIONS = (
					"DEBUG=1",
					"$(inherited)",
				);
				GCC_WARN_64_TO_32_BIT_CONVERSION = YES;
				GCC_WARN_ABOUT_RETURN_TYPE = YES_ERROR;
				GCC_WARN_UNDECLARED_SELECTOR = YES;
				GCC_WARN_UNINITIALIZED_AUTOS = YES_AGGRESSIVE;
				GCC_WARN_UNUSED_FUNCTION = YES;
				GCC_WARN_UNUSED_VARIABLE = YES;
				IPHONEOS_DEPLOYMENT_TARGET = 14.0;
				MTL_ENABLE_DEBUG_INFO = INCLUDE_SOURCE;
				MTL_FAST_MATH = YES;
				ONLY_ACTIVE_ARCH = YES;
				SDKROOT = iphoneos;
				SWIFT_ACTIVE_COMPILATION_CONDITIONS = DEBUG;
				SWIFT_OPTIMIZATION_LEVEL = "-Onone";
			};
			name = Debug;
		};
		043DDB7D29F75A1B00B90A95 /* Release */ = {
			isa = XCBuildConfiguration;
			buildSettings = {
				ALWAYS_SEARCH_USER_PATHS = NO;
				CLANG_ANALYZER_NONNULL = YES;
				CLANG_ANALYZER_NUMBER_OBJECT_CONVERSION = YES_AGGRESSIVE;
				CLANG_CXX_LANGUAGE_STANDARD = "gnu++20";
				CLANG_ENABLE_MODULES = YES;
				CLANG_ENABLE_OBJC_ARC = YES;
				CLANG_ENABLE_OBJC_WEAK = YES;
				CLANG_WARN_BLOCK_CAPTURE_AUTORELEASING = YES;
				CLANG_WARN_BOOL_CONVERSION = YES;
				CLANG_WARN_COMMA = YES;
				CLANG_WARN_CONSTANT_CONVERSION = YES;
				CLANG_WARN_DEPRECATED_OBJC_IMPLEMENTATIONS = YES;
				CLANG_WARN_DIRECT_OBJC_ISA_USAGE = YES_ERROR;
				CLANG_WARN_DOCUMENTATION_COMMENTS = YES;
				CLANG_WARN_EMPTY_BODY = YES;
				CLANG_WARN_ENUM_CONVERSION = YES;
				CLANG_WARN_INFINITE_RECURSION = YES;
				CLANG_WARN_INT_CONVERSION = YES;
				CLANG_WARN_NON_LITERAL_NULL_CONVERSION = YES;
				CLANG_WARN_OBJC_IMPLICIT_RETAIN_SELF = YES;
				CLANG_WARN_OBJC_LITERAL_CONVERSION = YES;
				CLANG_WARN_OBJC_ROOT_CLASS = YES_ERROR;
				CLANG_WARN_QUOTED_INCLUDE_IN_FRAMEWORK_HEADER = YES;
				CLANG_WARN_RANGE_LOOP_ANALYSIS = YES;
				CLANG_WARN_STRICT_PROTOTYPES = YES;
				CLANG_WARN_SUSPICIOUS_MOVE = YES;
				CLANG_WARN_UNGUARDED_AVAILABILITY = YES_AGGRESSIVE;
				CLANG_WARN_UNREACHABLE_CODE = YES;
				CLANG_WARN__DUPLICATE_METHOD_MATCH = YES;
				COPY_PHASE_STRIP = NO;
				DEBUG_INFORMATION_FORMAT = "dwarf-with-dsym";
				ENABLE_NS_ASSERTIONS = NO;
				ENABLE_STRICT_OBJC_MSGSEND = YES;
				GCC_C_LANGUAGE_STANDARD = gnu11;
				GCC_NO_COMMON_BLOCKS = YES;
				GCC_WARN_64_TO_32_BIT_CONVERSION = YES;
				GCC_WARN_ABOUT_RETURN_TYPE = YES_ERROR;
				GCC_WARN_UNDECLARED_SELECTOR = YES;
				GCC_WARN_UNINITIALIZED_AUTOS = YES_AGGRESSIVE;
				GCC_WARN_UNUSED_FUNCTION = YES;
				GCC_WARN_UNUSED_VARIABLE = YES;
				IPHONEOS_DEPLOYMENT_TARGET = 14.0;
				MTL_ENABLE_DEBUG_INFO = NO;
				MTL_FAST_MATH = YES;
				SDKROOT = iphoneos;
				SWIFT_COMPILATION_MODE = wholemodule;
				SWIFT_OPTIMIZATION_LEVEL = "-O";
				VALIDATE_PRODUCT = YES;
			};
			name = Release;
		};
		043DDB7F29F75A1B00B90A95 /* Debug */ = {
			isa = XCBuildConfiguration;
			buildSettings = {
				ASSETCATALOG_COMPILER_APPICON_NAME = AppIcon;
				ASSETCATALOG_COMPILER_GLOBAL_ACCENT_COLOR_NAME = AccentColor;
				CODE_SIGN_STYLE = Automatic;
				CURRENT_PROJECT_VERSION = 1;
				DEVELOPMENT_ASSET_PATHS = "\"DartApp/Preview Content\"";
				ENABLE_PREVIEWS = YES;
				GENERATE_INFOPLIST_FILE = YES;
				INFOPLIST_KEY_UIApplicationSceneManifest_Generation = YES;
				INFOPLIST_KEY_UIApplicationSupportsIndirectInputEvents = YES;
				INFOPLIST_KEY_UILaunchScreen_Generation = YES;
				INFOPLIST_KEY_UISupportedInterfaceOrientations_iPad = "UIInterfaceOrientationPortrait UIInterfaceOrientationPortraitUpsideDown UIInterfaceOrientationLandscapeLeft UIInterfaceOrientationLandscapeRight";
				INFOPLIST_KEY_UISupportedInterfaceOrientations_iPhone = "UIInterfaceOrientationPortrait UIInterfaceOrientationLandscapeLeft UIInterfaceOrientationLandscapeRight";
				IPHONEOS_DEPLOYMENT_TARGET = 16.2;
				LD_RUNPATH_SEARCH_PATHS = (
					"$(inherited)",
					"@executable_path/Frameworks",
				);
				MARKETING_VERSION = 1.0;
				PRODUCT_BUNDLE_IDENTIFIER = gab.DartApp;
				PRODUCT_NAME = "$(TARGET_NAME)";
				SUPPORTED_PLATFORMS = "iphoneos iphonesimulator";
				SUPPORTS_MACCATALYST = NO;
				SUPPORTS_MAC_DESIGNED_FOR_IPHONE_IPAD = NO;
				SWIFT_EMIT_LOC_STRINGS = YES;
				SWIFT_VERSION = 5.0;
				TARGETED_DEVICE_FAMILY = 1;
			};
			name = Debug;
		};
		043DDB8029F75A1B00B90A95 /* Release */ = {
			isa = XCBuildConfiguration;
			buildSettings = {
				ASSETCATALOG_COMPILER_APPICON_NAME = AppIcon;
				ASSETCATALOG_COMPILER_GLOBAL_ACCENT_COLOR_NAME = AccentColor;
				CODE_SIGN_STYLE = Automatic;
				CURRENT_PROJECT_VERSION = 1;
				DEVELOPMENT_ASSET_PATHS = "\"DartApp/Preview Content\"";
				ENABLE_PREVIEWS = YES;
				GENERATE_INFOPLIST_FILE = YES;
				INFOPLIST_KEY_UIApplicationSceneManifest_Generation = YES;
				INFOPLIST_KEY_UIApplicationSupportsIndirectInputEvents = YES;
				INFOPLIST_KEY_UILaunchScreen_Generation = YES;
				INFOPLIST_KEY_UISupportedInterfaceOrientations_iPad = "UIInterfaceOrientationPortrait UIInterfaceOrientationPortraitUpsideDown UIInterfaceOrientationLandscapeLeft UIInterfaceOrientationLandscapeRight";
				INFOPLIST_KEY_UISupportedInterfaceOrientations_iPhone = "UIInterfaceOrientationPortrait UIInterfaceOrientationLandscapeLeft UIInterfaceOrientationLandscapeRight";
				IPHONEOS_DEPLOYMENT_TARGET = 16.2;
				LD_RUNPATH_SEARCH_PATHS = (
					"$(inherited)",
					"@executable_path/Frameworks",
				);
				MARKETING_VERSION = 1.0;
				PRODUCT_BUNDLE_IDENTIFIER = gab.DartApp;
				PRODUCT_NAME = "$(TARGET_NAME)";
				SUPPORTED_PLATFORMS = "iphoneos iphonesimulator";
				SUPPORTS_MACCATALYST = NO;
				SUPPORTS_MAC_DESIGNED_FOR_IPHONE_IPAD = NO;
				SWIFT_EMIT_LOC_STRINGS = YES;
				SWIFT_VERSION = 5.0;
				TARGETED_DEVICE_FAMILY = 1;
			};
			name = Release;
		};
		043DDB8229F75A1B00B90A95 /* Debug */ = {
			isa = XCBuildConfiguration;
			buildSettings = {
				ALWAYS_EMBED_SWIFT_STANDARD_LIBRARIES = YES;
				BUNDLE_LOADER = "$(TEST_HOST)";
				CODE_SIGN_STYLE = Automatic;
				CURRENT_PROJECT_VERSION = 1;
				GENERATE_INFOPLIST_FILE = YES;
				IPHONEOS_DEPLOYMENT_TARGET = 16.4;
				MARKETING_VERSION = 1.0;
				PRODUCT_BUNDLE_IDENTIFIER = gab.DartAppTests;
				PRODUCT_NAME = "$(TARGET_NAME)";
				SWIFT_EMIT_LOC_STRINGS = NO;
				SWIFT_VERSION = 5.0;
				TARGETED_DEVICE_FAMILY = "1,2";
				TEST_HOST = "$(BUILT_PRODUCTS_DIR)/DartApp.app/$(BUNDLE_EXECUTABLE_FOLDER_PATH)/DartApp";
			};
			name = Debug;
		};
		043DDB8329F75A1B00B90A95 /* Release */ = {
			isa = XCBuildConfiguration;
			buildSettings = {
				ALWAYS_EMBED_SWIFT_STANDARD_LIBRARIES = YES;
				BUNDLE_LOADER = "$(TEST_HOST)";
				CODE_SIGN_STYLE = Automatic;
				CURRENT_PROJECT_VERSION = 1;
				GENERATE_INFOPLIST_FILE = YES;
				IPHONEOS_DEPLOYMENT_TARGET = 16.4;
				MARKETING_VERSION = 1.0;
				PRODUCT_BUNDLE_IDENTIFIER = gab.DartAppTests;
				PRODUCT_NAME = "$(TARGET_NAME)";
				SWIFT_EMIT_LOC_STRINGS = NO;
				SWIFT_VERSION = 5.0;
				TARGETED_DEVICE_FAMILY = "1,2";
				TEST_HOST = "$(BUILT_PRODUCTS_DIR)/DartApp.app/$(BUNDLE_EXECUTABLE_FOLDER_PATH)/DartApp";
			};
			name = Release;
		};
		043DDB8529F75A1B00B90A95 /* Debug */ = {
			isa = XCBuildConfiguration;
			buildSettings = {
				ALWAYS_EMBED_SWIFT_STANDARD_LIBRARIES = YES;
				CODE_SIGN_STYLE = Automatic;
				CURRENT_PROJECT_VERSION = 1;
				GENERATE_INFOPLIST_FILE = YES;
				MARKETING_VERSION = 1.0;
				PRODUCT_BUNDLE_IDENTIFIER = gab.DartAppUITests;
				PRODUCT_NAME = "$(TARGET_NAME)";
				SWIFT_EMIT_LOC_STRINGS = NO;
				SWIFT_VERSION = 5.0;
				TARGETED_DEVICE_FAMILY = "1,2";
				TEST_TARGET_NAME = DartApp;
			};
			name = Debug;
		};
		043DDB8629F75A1B00B90A95 /* Release */ = {
			isa = XCBuildConfiguration;
			buildSettings = {
				ALWAYS_EMBED_SWIFT_STANDARD_LIBRARIES = YES;
				CODE_SIGN_STYLE = Automatic;
				CURRENT_PROJECT_VERSION = 1;
				GENERATE_INFOPLIST_FILE = YES;
				MARKETING_VERSION = 1.0;
				PRODUCT_BUNDLE_IDENTIFIER = gab.DartAppUITests;
				PRODUCT_NAME = "$(TARGET_NAME)";
				SWIFT_EMIT_LOC_STRINGS = NO;
				SWIFT_VERSION = 5.0;
				TARGETED_DEVICE_FAMILY = "1,2";
				TEST_TARGET_NAME = DartApp;
			};
			name = Release;
		};
/* End XCBuildConfiguration section */

/* Begin XCConfigurationList section */
		043DDB5529F75A1900B90A95 /* Build configuration list for PBXProject "DartApp" */ = {
			isa = XCConfigurationList;
			buildConfigurations = (
				043DDB7C29F75A1B00B90A95 /* Debug */,
				043DDB7D29F75A1B00B90A95 /* Release */,
			);
			defaultConfigurationIsVisible = 0;
			defaultConfigurationName = Release;
		};
		043DDB7E29F75A1B00B90A95 /* Build configuration list for PBXNativeTarget "DartApp" */ = {
			isa = XCConfigurationList;
			buildConfigurations = (
				043DDB7F29F75A1B00B90A95 /* Debug */,
				043DDB8029F75A1B00B90A95 /* Release */,
			);
			defaultConfigurationIsVisible = 0;
			defaultConfigurationName = Release;
		};
		043DDB8129F75A1B00B90A95 /* Build configuration list for PBXNativeTarget "DartAppTests" */ = {
			isa = XCConfigurationList;
			buildConfigurations = (
				043DDB8229F75A1B00B90A95 /* Debug */,
				043DDB8329F75A1B00B90A95 /* Release */,
			);
			defaultConfigurationIsVisible = 0;
			defaultConfigurationName = Release;
		};
		043DDB8429F75A1B00B90A95 /* Build configuration list for PBXNativeTarget "DartAppUITests" */ = {
			isa = XCConfigurationList;
			buildConfigurations = (
				043DDB8529F75A1B00B90A95 /* Debug */,
				043DDB8629F75A1B00B90A95 /* Release */,
			);
			defaultConfigurationIsVisible = 0;
			defaultConfigurationName = Release;
		};
/* End XCConfigurationList section */

/* Begin XCRemoteSwiftPackageReference section */
		9062E93929FCB0DF00EAA192 /* XCRemoteSwiftPackageReference "firebase-ios-sdk" */ = {
			isa = XCRemoteSwiftPackageReference;
			repositoryURL = "https://github.com/firebase/firebase-ios-sdk";
			requirement = {
				branch = master;
				kind = branch;
			};
		};
/* End XCRemoteSwiftPackageReference section */

/* Begin XCSwiftPackageProductDependency section */
		9062E93A29FCB0DF00EAA192 /* FirebaseAnalytics */ = {
			isa = XCSwiftPackageProductDependency;
			package = 9062E93929FCB0DF00EAA192 /* XCRemoteSwiftPackageReference "firebase-ios-sdk" */;
			productName = FirebaseAnalytics;
		};
		9062E93C29FCB0DF00EAA192 /* FirebaseAnalyticsOnDeviceConversion */ = {
			isa = XCSwiftPackageProductDependency;
			package = 9062E93929FCB0DF00EAA192 /* XCRemoteSwiftPackageReference "firebase-ios-sdk" */;
			productName = FirebaseAnalyticsOnDeviceConversion;
		};
		9062E93E29FCB0DF00EAA192 /* FirebaseAnalyticsSwift */ = {
			isa = XCSwiftPackageProductDependency;
			package = 9062E93929FCB0DF00EAA192 /* XCRemoteSwiftPackageReference "firebase-ios-sdk" */;
			productName = FirebaseAnalyticsSwift;
		};
		9062E94029FCB0DF00EAA192 /* FirebaseAnalyticsWithoutAdIdSupport */ = {
			isa = XCSwiftPackageProductDependency;
			package = 9062E93929FCB0DF00EAA192 /* XCRemoteSwiftPackageReference "firebase-ios-sdk" */;
			productName = FirebaseAnalyticsWithoutAdIdSupport;
		};
		9062E94229FCB0DF00EAA192 /* FirebaseAppCheck */ = {
			isa = XCSwiftPackageProductDependency;
			package = 9062E93929FCB0DF00EAA192 /* XCRemoteSwiftPackageReference "firebase-ios-sdk" */;
			productName = FirebaseAppCheck;
		};
		9062E94429FCB0DF00EAA192 /* FirebaseAppDistribution-Beta */ = {
			isa = XCSwiftPackageProductDependency;
			package = 9062E93929FCB0DF00EAA192 /* XCRemoteSwiftPackageReference "firebase-ios-sdk" */;
			productName = "FirebaseAppDistribution-Beta";
		};
		9062E94629FCB0DF00EAA192 /* FirebaseAuth */ = {
			isa = XCSwiftPackageProductDependency;
			package = 9062E93929FCB0DF00EAA192 /* XCRemoteSwiftPackageReference "firebase-ios-sdk" */;
			productName = FirebaseAuth;
		};
		9062E94829FCB0DF00EAA192 /* FirebaseAuthCombine-Community */ = {
			isa = XCSwiftPackageProductDependency;
			package = 9062E93929FCB0DF00EAA192 /* XCRemoteSwiftPackageReference "firebase-ios-sdk" */;
			productName = "FirebaseAuthCombine-Community";
		};
		9062E94A29FCB0DF00EAA192 /* FirebaseCrashlytics */ = {
			isa = XCSwiftPackageProductDependency;
			package = 9062E93929FCB0DF00EAA192 /* XCRemoteSwiftPackageReference "firebase-ios-sdk" */;
			productName = FirebaseCrashlytics;
		};
		9062E94C29FCB0DF00EAA192 /* FirebaseDatabase */ = {
			isa = XCSwiftPackageProductDependency;
			package = 9062E93929FCB0DF00EAA192 /* XCRemoteSwiftPackageReference "firebase-ios-sdk" */;
			productName = FirebaseDatabase;
		};
		9062E94E29FCB0DF00EAA192 /* FirebaseDatabaseSwift */ = {
			isa = XCSwiftPackageProductDependency;
			package = 9062E93929FCB0DF00EAA192 /* XCRemoteSwiftPackageReference "firebase-ios-sdk" */;
			productName = FirebaseDatabaseSwift;
		};
		9062E95029FCB0DF00EAA192 /* FirebaseDynamicLinks */ = {
			isa = XCSwiftPackageProductDependency;
			package = 9062E93929FCB0DF00EAA192 /* XCRemoteSwiftPackageReference "firebase-ios-sdk" */;
			productName = FirebaseDynamicLinks;
		};
		9062E95229FCB0DF00EAA192 /* FirebaseFirestore */ = {
			isa = XCSwiftPackageProductDependency;
			package = 9062E93929FCB0DF00EAA192 /* XCRemoteSwiftPackageReference "firebase-ios-sdk" */;
			productName = FirebaseFirestore;
		};
		9062E95429FCB0DF00EAA192 /* FirebaseFirestoreCombine-Community */ = {
			isa = XCSwiftPackageProductDependency;
			package = 9062E93929FCB0DF00EAA192 /* XCRemoteSwiftPackageReference "firebase-ios-sdk" */;
			productName = "FirebaseFirestoreCombine-Community";
		};
		9062E95629FCB0DF00EAA192 /* FirebaseFirestoreSwift */ = {
			isa = XCSwiftPackageProductDependency;
			package = 9062E93929FCB0DF00EAA192 /* XCRemoteSwiftPackageReference "firebase-ios-sdk" */;
			productName = FirebaseFirestoreSwift;
		};
		9062E95829FCB0DF00EAA192 /* FirebaseFunctions */ = {
			isa = XCSwiftPackageProductDependency;
			package = 9062E93929FCB0DF00EAA192 /* XCRemoteSwiftPackageReference "firebase-ios-sdk" */;
			productName = FirebaseFunctions;
		};
		9062E95A29FCB0DF00EAA192 /* FirebaseFunctionsCombine-Community */ = {
			isa = XCSwiftPackageProductDependency;
			package = 9062E93929FCB0DF00EAA192 /* XCRemoteSwiftPackageReference "firebase-ios-sdk" */;
			productName = "FirebaseFunctionsCombine-Community";
		};
		9062E95C29FCB0DF00EAA192 /* FirebaseInAppMessaging-Beta */ = {
			isa = XCSwiftPackageProductDependency;
			package = 9062E93929FCB0DF00EAA192 /* XCRemoteSwiftPackageReference "firebase-ios-sdk" */;
			productName = "FirebaseInAppMessaging-Beta";
		};
		9062E95E29FCB0DF00EAA192 /* FirebaseInAppMessagingSwift-Beta */ = {
			isa = XCSwiftPackageProductDependency;
			package = 9062E93929FCB0DF00EAA192 /* XCRemoteSwiftPackageReference "firebase-ios-sdk" */;
			productName = "FirebaseInAppMessagingSwift-Beta";
		};
		9062E96029FCB0DF00EAA192 /* FirebaseInstallations */ = {
			isa = XCSwiftPackageProductDependency;
			package = 9062E93929FCB0DF00EAA192 /* XCRemoteSwiftPackageReference "firebase-ios-sdk" */;
			productName = FirebaseInstallations;
		};
		9062E96229FCB0DF00EAA192 /* FirebaseMLModelDownloader */ = {
			isa = XCSwiftPackageProductDependency;
			package = 9062E93929FCB0DF00EAA192 /* XCRemoteSwiftPackageReference "firebase-ios-sdk" */;
			productName = FirebaseMLModelDownloader;
		};
		9062E96429FCB0DF00EAA192 /* FirebaseMessaging */ = {
			isa = XCSwiftPackageProductDependency;
			package = 9062E93929FCB0DF00EAA192 /* XCRemoteSwiftPackageReference "firebase-ios-sdk" */;
			productName = FirebaseMessaging;
		};
		9062E96629FCB0E000EAA192 /* FirebasePerformance */ = {
			isa = XCSwiftPackageProductDependency;
			package = 9062E93929FCB0DF00EAA192 /* XCRemoteSwiftPackageReference "firebase-ios-sdk" */;
			productName = FirebasePerformance;
		};
		9062E96829FCB0E000EAA192 /* FirebaseRemoteConfig */ = {
			isa = XCSwiftPackageProductDependency;
			package = 9062E93929FCB0DF00EAA192 /* XCRemoteSwiftPackageReference "firebase-ios-sdk" */;
			productName = FirebaseRemoteConfig;
		};
		9062E96A29FCB0E000EAA192 /* FirebaseRemoteConfigSwift */ = {
			isa = XCSwiftPackageProductDependency;
			package = 9062E93929FCB0DF00EAA192 /* XCRemoteSwiftPackageReference "firebase-ios-sdk" */;
			productName = FirebaseRemoteConfigSwift;
		};
		9062E96C29FCB0E000EAA192 /* FirebaseStorage */ = {
			isa = XCSwiftPackageProductDependency;
			package = 9062E93929FCB0DF00EAA192 /* XCRemoteSwiftPackageReference "firebase-ios-sdk" */;
			productName = FirebaseStorage;
		};
		9062E96E29FCB0E000EAA192 /* FirebaseStorageCombine-Community */ = {
			isa = XCSwiftPackageProductDependency;
			package = 9062E93929FCB0DF00EAA192 /* XCRemoteSwiftPackageReference "firebase-ios-sdk" */;
			productName = "FirebaseStorageCombine-Community";
		};
/* End XCSwiftPackageProductDependency section */
	};
	rootObject = 043DDB5229F75A1900B90A95 /* Project object */;
}
